
Microsoft Visual Studio Solution File, Format Version 12.00
# Visual Studio Version 17
VisualStudioVersion = 17.11.35327.3
MinimumVisualStudioVersion = 10.0.40219.1
Project("{9A19103F-16F7-4668-BE54-9A1E7A4F7556}") = "WebConta.Backend", "WebConta.Backend\WebConta.Backend.csproj", "{5C1A0632-6B9E-4289-A1A8-C69078300757}"
EndProject
Project("{9A19103F-16F7-4668-BE54-9A1E7A4F7556}") = "WebConta.Frontend", "WebConta.Frontend\WebConta.Frontend.csproj", "{C7A3B7F0-AB73-4E93-ADBA-15AAA7E7987F}"
EndProject
Project("{9A19103F-16F7-4668-BE54-9A1E7A4F7556}") = "WebConta.Shared", "WebConta.Shared\WebConta.Shared.csproj", "{EA1E96FF-D3D1-44F3-898A-1DEE39BDCEDA}"
EndProject
Project("{9A19103F-16F7-4668-BE54-9A1E7A4F7556}") = "WebConta.Test", "WebConta.Test\WebConta.Test.csproj", "{042F1F6E-D59D-4DA5-81D2-E6ED48E9EB79}"
EndProject
Global
	GlobalSection(SolutionConfigurationPlatforms) = preSolution
		Debug|Any CPU = Debug|Any CPU
		Release|Any CPU = Release|Any CPU
	EndGlobalSection
	GlobalSection(ProjectConfigurationPlatforms) = postSolution
		{5C1A0632-6B9E-4289-A1A8-C69078300757}.Debug|Any CPU.ActiveCfg = Debug|Any CPU
		{5C1A0632-6B9E-4289-A1A8-C69078300757}.Debug|Any CPU.Build.0 = Debug|Any CPU
		{5C1A0632-6B9E-4289-A1A8-C69078300757}.Release|Any CPU.ActiveCfg = Release|Any CPU
		{5C1A0632-6B9E-4289-A1A8-C69078300757}.Release|Any CPU.Build.0 = Release|Any CPU
		{C7A3B7F0-AB73-4E93-ADBA-15AAA7E7987F}.Debug|Any CPU.ActiveCfg = Debug|Any CPU
		{C7A3B7F0-AB73-4E93-ADBA-15AAA7E7987F}.Debug|Any CPU.Build.0 = Debug|Any CPU
		{C7A3B7F0-AB73-4E93-ADBA-15AAA7E7987F}.Release|Any CPU.ActiveCfg = Release|Any CPU
		{C7A3B7F0-AB73-4E93-ADBA-15AAA7E7987F}.Release|Any CPU.Build.0 = Release|Any CPU
		{EA1E96FF-D3D1-44F3-898A-1DEE39BDCEDA}.Debug|Any CPU.ActiveCfg = Debug|Any CPU
		{EA1E96FF-D3D1-44F3-898A-1DEE39BDCEDA}.Debug|Any CPU.Build.0 = Debug|Any CPU
		{EA1E96FF-D3D1-44F3-898A-1DEE39BDCEDA}.Release|Any CPU.ActiveCfg = Release|Any CPU
		{EA1E96FF-D3D1-44F3-898A-1DEE39BDCEDA}.Release|Any CPU.Build.0 = Release|Any CPU
		{042F1F6E-D59D-4DA5-81D2-E6ED48E9EB79}.Debug|Any CPU.ActiveCfg = Debug|Any CPU
		{042F1F6E-D59D-4DA5-81D2-E6ED48E9EB79}.Debug|Any CPU.Build.0 = Debug|Any CPU
		{042F1F6E-D59D-4DA5-81D2-E6ED48E9EB79}.Release|Any CPU.ActiveCfg = Release|Any CPU
		{042F1F6E-D59D-4DA5-81D2-E6ED48E9EB79}.Release|Any CPU.Build.0 = Release|Any CPU
	EndGlobalSection
	GlobalSection(SolutionProperties) = preSolution
		HideSolutionNode = FALSE
	EndGlobalSection
	GlobalSection(ExtensibilityGlobals) = postSolution
		SolutionGuid = {04E4C5FB-ED2E-46F1-9B31-0CD9A088797B}
	EndGlobalSection
EndGlobal
